// !$*UTF8*$!
{
	archiveVersion = 1;
	classes = {
	};
	objectVersion = 46;
	objects = {

/* Begin PBXBuildFile section */
		936BF8381C3CF53E003A37F6 /* background_01.png in Resources */ = {isa = PBXBuildFile; fileRef = 936BF8371C3CF53E003A37F6 /* background_01.png */; };
		93DEA3331C3CE1F8006F6CE3 /* main.m in Sources */ = {isa = PBXBuildFile; fileRef = 93DEA3321C3CE1F8006F6CE3 /* main.m */; };
		93DEA3361C3CE1F8006F6CE3 /* AppDelegate.m in Sources */ = {isa = PBXBuildFile; fileRef = 93DEA3351C3CE1F8006F6CE3 /* AppDelegate.m */; };
		93DEA3391C3CE1F8006F6CE3 /* ViewController.m in Sources */ = {isa = PBXBuildFile; fileRef = 93DEA3381C3CE1F8006F6CE3 /* ViewController.m */; };
		93DEA33C1C3CE1F8006F6CE3 /* Main.storyboard in Resources */ = {isa = PBXBuildFile; fileRef = 93DEA33A1C3CE1F8006F6CE3 /* Main.storyboard */; };
		93DEA33E1C3CE1F8006F6CE3 /* Assets.xcassets in Resources */ = {isa = PBXBuildFile; fileRef = 93DEA33D1C3CE1F8006F6CE3 /* Assets.xcassets */; };
		93DEA3411C3CE1F8006F6CE3 /* LaunchScreen.storyboard in Resources */ = {isa = PBXBuildFile; fileRef = 93DEA33F1C3CE1F8006F6CE3 /* LaunchScreen.storyboard */; };
		93DEA34C1C3CE1F8006F6CE3 /* TestShopingCartTests.m in Sources */ = {isa = PBXBuildFile; fileRef = 93DEA34B1C3CE1F8006F6CE3 /* TestShopingCartTests.m */; };
		93DEA3571C3CE1F8006F6CE3 /* TestShopingCartUITests.m in Sources */ = {isa = PBXBuildFile; fileRef = 93DEA3561C3CE1F8006F6CE3 /* TestShopingCartUITests.m */; };
		9B610D2499BDB359CD2EBFFF /* libPods.a in Frameworks */ = {isa = PBXBuildFile; fileRef = 6E092E6CB89C94DD6D1F8042 /* libPods.a */; };
/* End PBXBuildFile section */

/* Begin PBXContainerItemProxy section */
		93DEA3481C3CE1F8006F6CE3 /* PBXContainerItemProxy */ = {
			isa = PBXContainerItemProxy;
			containerPortal = 93DEA3261C3CE1F8006F6CE3 /* Project object */;
			proxyType = 1;
			remoteGlobalIDString = 93DEA32D1C3CE1F8006F6CE3;
			remoteInfo = TestShopingCart;
		};
		93DEA3531C3CE1F8006F6CE3 /* PBXContainerItemProxy */ = {
			isa = PBXContainerItemProxy;
			containerPortal = 93DEA3261C3CE1F8006F6CE3 /* Project object */;
			proxyType = 1;
			remoteGlobalIDString = 93DEA32D1C3CE1F8006F6CE3;
			remoteInfo = TestShopingCart;
		};
/* End PBXContainerItemProxy section */

/* Begin PBXFileReference section */
		25485ECF65F9E7A4CF30F036 /* Pods.debug.xcconfig */ = {isa = PBXFileReference; includeInIndex = 1; lastKnownFileType = text.xcconfig; name = Pods.debug.xcconfig; path = "Pods/Target Support Files/Pods/Pods.debug.xcconfig"; sourceTree = "<group>"; };
		6E092E6CB89C94DD6D1F8042 /* libPods.a */ = {isa = PBXFileReference; explicitFileType = archive.ar; includeInIndex = 0; path = libPods.a; sourceTree = BUILT_PRODUCTS_DIR; };
		936BF8371C3CF53E003A37F6 /* background_01.png */ = {isa = PBXFileReference; lastKnownFileType = image.png; path = background_01.png; sourceTree = "<group>"; };
		93DEA32E1C3CE1F8006F6CE3 /* TestShopingCart.app */ = {isa = PBXFileReference; explicitFileType = wrapper.application; includeInIndex = 0; path = TestShopingCart.app; sourceTree = BUILT_PRODUCTS_DIR; };
		93DEA3321C3CE1F8006F6CE3 /* main.m */ = {isa = PBXFileReference; lastKnownFileType = sourcecode.c.objc; path = main.m; sourceTree = "<group>"; };
		93DEA3341C3CE1F8006F6CE3 /* AppDelegate.h */ = {isa = PBXFileReference; lastKnownFileType = sourcecode.c.h; path = AppDelegate.h; sourceTree = "<group>"; };
		93DEA3351C3CE1F8006F6CE3 /* AppDelegate.m */ = {isa = PBXFileReference; lastKnownFileType = sourcecode.c.objc; path = AppDelegate.m; sourceTree = "<group>"; };
		93DEA3371C3CE1F8006F6CE3 /* ViewController.h */ = {isa = PBXFileReference; lastKnownFileType = sourcecode.c.h; path = ViewController.h; sourceTree = "<group>"; };
		93DEA3381C3CE1F8006F6CE3 /* ViewController.m */ = {isa = PBXFileReference; lastKnownFileType = sourcecode.c.objc; path = ViewController.m; sourceTree = "<group>"; };
		93DEA33B1C3CE1F8006F6CE3 /* Base */ = {isa = PBXFileReference; lastKnownFileType = file.storyboard; name = Base; path = Base.lproj/Main.storyboard; sourceTree = "<group>"; };
		93DEA33D1C3CE1F8006F6CE3 /* Assets.xcassets */ = {isa = PBXFileReference; lastKnownFileType = folder.assetcatalog; path = Assets.xcassets; sourceTree = "<group>"; };
		93DEA3401C3CE1F8006F6CE3 /* Base */ = {isa = PBXFileReference; lastKnownFileType = file.storyboard; name = Base; path = Base.lproj/LaunchScreen.storyboard; sourceTree = "<group>"; };
		93DEA3421C3CE1F8006F6CE3 /* Info.plist */ = {isa = PBXFileReference; lastKnownFileType = text.plist.xml; path = Info.plist; sourceTree = "<group>"; };
		93DEA3471C3CE1F8006F6CE3 /* TestShopingCartTests.xctest */ = {isa = PBXFileReference; explicitFileType = wrapper.cfbundle; includeInIndex = 0; path = TestShopingCartTests.xctest; sourceTree = BUILT_PRODUCTS_DIR; };
		93DEA34B1C3CE1F8006F6CE3 /* TestShopingCartTests.m */ = {isa = PBXFileReference; lastKnownFileType = sourcecode.c.objc; path = TestShopingCartTests.m; sourceTree = "<group>"; };
		93DEA34D1C3CE1F8006F6CE3 /* Info.plist */ = {isa = PBXFileReference; lastKnownFileType = text.plist.xml; path = Info.plist; sourceTree = "<group>"; };
		93DEA3521C3CE1F8006F6CE3 /* TestShopingCartUITests.xctest */ = {isa = PBXFileReference; explicitFileType = wrapper.cfbundle; includeInIndex = 0; path = TestShopingCartUITests.xctest; sourceTree = BUILT_PRODUCTS_DIR; };
		93DEA3561C3CE1F8006F6CE3 /* TestShopingCartUITests.m */ = {isa = PBXFileReference; lastKnownFileType = sourcecode.c.objc; path = TestShopingCartUITests.m; sourceTree = "<group>"; };
		93DEA3581C3CE1F8006F6CE3 /* Info.plist */ = {isa = PBXFileReference; lastKnownFileType = text.plist.xml; path = Info.plist; sourceTree = "<group>"; };
		A17BDEA22A35DE6447220DF8 /* Pods.release.xcconfig */ = {isa = PBXFileReference; includeInIndex = 1; lastKnownFileType = text.xcconfig; name = Pods.release.xcconfig; path = "Pods/Target Support Files/Pods/Pods.release.xcconfig"; sourceTree = "<group>"; };
/* End PBXFileReference section */

/* Begin PBXFrameworksBuildPhase section */
		93DEA32B1C3CE1F8006F6CE3 /* Frameworks */ = {
			isa = PBXFrameworksBuildPhase;
			buildActionMask = 2147483647;
			files = (
				9B610D2499BDB359CD2EBFFF /* libPods.a in Frameworks */,
			);
			runOnlyForDeploymentPostprocessing = 0;
		};
		93DEA3441C3CE1F8006F6CE3 /* Frameworks */ = {
			isa = PBXFrameworksBuildPhase;
			buildActionMask = 2147483647;
			files = (
			);
			runOnlyForDeploymentPostprocessing = 0;
		};
		93DEA34F1C3CE1F8006F6CE3 /* Frameworks */ = {
			isa = PBXFrameworksBuildPhase;
			buildActionMask = 2147483647;
			files = (
			);
			runOnlyForDeploymentPostprocessing = 0;
		};
/* End PBXFrameworksBuildPhase section */

/* Begin PBXGroup section */
		6911C136CE56B57D3917AAFF /* Pods */ = {
			isa = PBXGroup;
			children = (
				25485ECF65F9E7A4CF30F036 /* Pods.debug.xcconfig */,
				A17BDEA22A35DE6447220DF8 /* Pods.release.xcconfig */,
			);
			name = Pods;
			sourceTree = "<group>";
		};
		8FFF4197FF0845C5A90B6C3A /* Frameworks */ = {
			isa = PBXGroup;
			children = (
				6E092E6CB89C94DD6D1F8042 /* libPods.a */,
			);
			name = Frameworks;
			sourceTree = "<group>";
		};
		93DEA3251C3CE1F8006F6CE3 = {
			isa = PBXGroup;
			children = (
				93DEA3301C3CE1F8006F6CE3 /* TestShopingCart */,
				93DEA34A1C3CE1F8006F6CE3 /* TestShopingCartTests */,
				93DEA3551C3CE1F8006F6CE3 /* TestShopingCartUITests */,
				93DEA32F1C3CE1F8006F6CE3 /* Products */,
				6911C136CE56B57D3917AAFF /* Pods */,
				8FFF4197FF0845C5A90B6C3A /* Frameworks */,
			);
			sourceTree = "<group>";
		};
		93DEA32F1C3CE1F8006F6CE3 /* Products */ = {
			isa = PBXGroup;
			children = (
				93DEA32E1C3CE1F8006F6CE3 /* TestShopingCart.app */,
				93DEA3471C3CE1F8006F6CE3 /* TestShopingCartTests.xctest */,
				93DEA3521C3CE1F8006F6CE3 /* TestShopingCartUITests.xctest */,
			);
			name = Products;
			sourceTree = "<group>";
		};
		93DEA3301C3CE1F8006F6CE3 /* TestShopingCart */ = {
			isa = PBXGroup;
			children = (
				93DEA3341C3CE1F8006F6CE3 /* AppDelegate.h */,
				93DEA3351C3CE1F8006F6CE3 /* AppDelegate.m */,
				93DEA3371C3CE1F8006F6CE3 /* ViewController.h */,
				93DEA3381C3CE1F8006F6CE3 /* ViewController.m */,
				93DEA33A1C3CE1F8006F6CE3 /* Main.storyboard */,
				93DEA33D1C3CE1F8006F6CE3 /* Assets.xcassets */,
				93DEA33F1C3CE1F8006F6CE3 /* LaunchScreen.storyboard */,
				93DEA3421C3CE1F8006F6CE3 /* Info.plist */,
				936BF8371C3CF53E003A37F6 /* background_01.png */,
				93DEA3311C3CE1F8006F6CE3 /* Supporting Files */,
			);
			path = TestShopingCart;
			sourceTree = "<group>";
		};
		93DEA3311C3CE1F8006F6CE3 /* Supporting Files */ = {
			isa = PBXGroup;
			children = (
				93DEA3321C3CE1F8006F6CE3 /* main.m */,
			);
			name = "Supporting Files";
			sourceTree = "<group>";
		};
		93DEA34A1C3CE1F8006F6CE3 /* TestShopingCartTests */ = {
			isa = PBXGroup;
			children = (
				93DEA34B1C3CE1F8006F6CE3 /* TestShopingCartTests.m */,
				93DEA34D1C3CE1F8006F6CE3 /* Info.plist */,
			);
			path = TestShopingCartTests;
			sourceTree = "<group>";
		};
		93DEA3551C3CE1F8006F6CE3 /* TestShopingCartUITests */ = {
			isa = PBXGroup;
			children = (
				93DEA3561C3CE1F8006F6CE3 /* TestShopingCartUITests.m */,
				93DEA3581C3CE1F8006F6CE3 /* Info.plist */,
			);
			path = TestShopingCartUITests;
			sourceTree = "<group>";
		};
/* End PBXGroup section */

/* Begin PBXNativeTarget section */
		93DEA32D1C3CE1F8006F6CE3 /* TestShopingCart */ = {
			isa = PBXNativeTarget;
			buildConfigurationList = 93DEA35B1C3CE1F8006F6CE3 /* Build configuration list for PBXNativeTarget "TestShopingCart" */;
			buildPhases = (
				59FBA5A285255D2A6A19FD3A /* Check Pods Manifest.lock */,
				93DEA32A1C3CE1F8006F6CE3 /* Sources */,
				93DEA32B1C3CE1F8006F6CE3 /* Frameworks */,
				93DEA32C1C3CE1F8006F6CE3 /* Resources */,
				FBC2903A5F794A7CC38041A7 /* Embed Pods Frameworks */,
				263F31763263F512E60E401C /* Copy Pods Resources */,
			);
			buildRules = (
			);
			dependencies = (
			);
			name = TestShopingCart;
			productName = TestShopingCart;
			productReference = 93DEA32E1C3CE1F8006F6CE3 /* TestShopingCart.app */;
			productType = "com.apple.product-type.application";
		};
		93DEA3461C3CE1F8006F6CE3 /* TestShopingCartTests */ = {
			isa = PBXNativeTarget;
			buildConfigurationList = 93DEA35E1C3CE1F8006F6CE3 /* Build configuration list for PBXNativeTarget "TestShopingCartTests" */;
			buildPhases = (
				93DEA3431C3CE1F8006F6CE3 /* Sources */,
				93DEA3441C3CE1F8006F6CE3 /* Frameworks */,
				93DEA3451C3CE1F8006F6CE3 /* Resources */,
			);
			buildRules = (
			);
			dependencies = (
				93DEA3491C3CE1F8006F6CE3 /* PBXTargetDependency */,
			);
			name = TestShopingCartTests;
			productName = TestShopingCartTests;
			productReference = 93DEA3471C3CE1F8006F6CE3 /* TestShopingCartTests.xctest */;
			productType = "com.apple.product-type.bundle.unit-test";
		};
		93DEA3511C3CE1F8006F6CE3 /* TestShopingCartUITests */ = {
			isa = PBXNativeTarget;
			buildConfigurationList = 93DEA3611C3CE1F8006F6CE3 /* Build configuration list for PBXNativeTarget "TestShopingCartUITests" */;
			buildPhases = (
				93DEA34E1C3CE1F8006F6CE3 /* Sources */,
				93DEA34F1C3CE1F8006F6CE3 /* Frameworks */,
				93DEA3501C3CE1F8006F6CE3 /* Resources */,
			);
			buildRules = (
			);
			dependencies = (
				93DEA3541C3CE1F8006F6CE3 /* PBXTargetDependency */,
			);
			name = TestShopingCartUITests;
			productName = TestShopingCartUITests;
			productReference = 93DEA3521C3CE1F8006F6CE3 /* TestShopingCartUITests.xctest */;
			productType = "com.apple.product-type.bundle.ui-testing";
		};
/* End PBXNativeTarget section */

/* Begin PBXProject section */
		93DEA3261C3CE1F8006F6CE3 /* Project object */ = {
			isa = PBXProject;
			attributes = {
				LastUpgradeCheck = 0720;
				ORGANIZATIONNAME = "薛焱";
				TargetAttributes = {
					93DEA32D1C3CE1F8006F6CE3 = {
						CreatedOnToolsVersion = 7.2;
						DevelopmentTeam = ZQ3C4D99B8;
					};
					93DEA3461C3CE1F8006F6CE3 = {
						CreatedOnToolsVersion = 7.2;
						DevelopmentTeam = ZQ3C4D99B8;
						TestTargetID = 93DEA32D1C3CE1F8006F6CE3;
					};
					93DEA3511C3CE1F8006F6CE3 = {
						CreatedOnToolsVersion = 7.2;
						DevelopmentTeam = ZQ3C4D99B8;
						TestTargetID = 93DEA32D1C3CE1F8006F6CE3;
					};
				};
			};
			buildConfigurationList = 93DEA3291C3CE1F8006F6CE3 /* Build configuration list for PBXProject "TestShopingCart" */;
			compatibilityVersion = "Xcode 3.2";
			developmentRegion = English;
			hasScannedForEncodings = 0;
			knownRegions = (
				en,
				Base,
			);
			mainGroup = 93DEA3251C3CE1F8006F6CE3;
			productRefGroup = 93DEA32F1C3CE1F8006F6CE3 /* Products */;
			projectDirPath = "";
			projectRoot = "";
			targets = (
				93DEA32D1C3CE1F8006F6CE3 /* TestShopingCart */,
				93DEA3461C3CE1F8006F6CE3 /* TestShopingCartTests */,
				93DEA3511C3CE1F8006F6CE3 /* TestShopingCartUITests */,
			);
		};
/* End PBXProject section */

/* Begin PBXResourcesBuildPhase section */
		93DEA32C1C3CE1F8006F6CE3 /* Resources */ = {
			isa = PBXResourcesBuildPhase;
			buildActionMask = 2147483647;
			files = (
				936BF8381C3CF53E003A37F6 /* background_01.png in Resources */,
				93DEA3411C3CE1F8006F6CE3 /* LaunchScreen.storyboard in Resources */,
				93DEA33E1C3CE1F8006F6CE3 /* Assets.xcassets in Resources */,
				93DEA33C1C3CE1F8006F6CE3 /* Main.storyboard in Resources */,
			);
			runOnlyForDeploymentPostprocessing = 0;
		};
		93DEA3451C3CE1F8006F6CE3 /* Resources */ = {
			isa = PBXResourcesBuildPhase;
			buildActionMask = 2147483647;
			files = (
			);
			runOnlyForDeploymentPostprocessing = 0;
		};
		93DEA3501C3CE1F8006F6CE3 /* Resources */ = {
			isa = PBXResourcesBuildPhase;
			buildActionMask = 2147483647;
			files = (
			);
			runOnlyForDeploymentPostprocessing = 0;
		};
/* End PBXResourcesBuildPhase section */

/* Begin PBXShellScriptBuildPhase section */
		263F31763263F512E60E401C /* Copy Pods Resources */ = {
			isa = PBXShellScriptBuildPhase;
			buildActionMask = 2147483647;
			files = (
			);
			inputPaths = (
			);
			name = "Copy Pods Resources";
			outputPaths = (
			);
			runOnlyForDeploymentPostprocessing = 0;
			shellPath = /bin/sh;
			shellScript = "\"${SRCROOT}/Pods/Target Support Files/Pods/Pods-resources.sh\"\n";
			showEnvVarsInLog = 0;
		};
		59FBA5A285255D2A6A19FD3A /* Check Pods Manifest.lock */ = {
			isa = PBXShellScriptBuildPhase;
			buildActionMask = 2147483647;
			files = (
			);
			inputPaths = (
			);
			name = "Check Pods Manifest.lock";
			outputPaths = (
			);
			runOnlyForDeploymentPostprocessing = 0;
			shellPath = /bin/sh;
			shellScript = "diff \"${PODS_ROOT}/../Podfile.lock\" \"${PODS_ROOT}/Manifest.lock\" > /dev/null\nif [[ $? != 0 ]] ; then\n    cat << EOM\nerror: The sandbox is not in sync with the Podfile.lock. Run 'pod install' or update your CocoaPods installation.\nEOM\n    exit 1\nfi\n";
			showEnvVarsInLog = 0;
		};
		FBC2903A5F794A7CC38041A7 /* Embed Pods Frameworks */ = {
			isa = PBXShellScriptBuildPhase;
			buildActionMask = 2147483647;
			files = (
			);
			inputPaths = (
			);
			name = "Embed Pods Frameworks";
			outputPaths = (
			);
			runOnlyForDeploymentPostprocessing = 0;
			shellPath = /bin/sh;
			shellScript = "\"${SRCROOT}/Pods/Target Support Files/Pods/Pods-frameworks.sh\"\n";
			showEnvVarsInLog = 0;
		};
/* End PBXShellScriptBuildPhase section */

/* Begin PBXSourcesBuildPhase section */
		93DEA32A1C3CE1F8006F6CE3 /* Sources */ = {
			isa = PBXSourcesBuildPhase;
			buildActionMask = 2147483647;
			files = (
				93DEA3391C3CE1F8006F6CE3 /* ViewController.m in Sources */,
				93DEA3361C3CE1F8006F6CE3 /* AppDelegate.m in Sources */,
				93DEA3331C3CE1F8006F6CE3 /* main.m in Sources */,
			);
			runOnlyForDeploymentPostprocessing = 0;
		};
		93DEA3431C3CE1F8006F6CE3 /* Sources */ = {
			isa = PBXSourcesBuildPhase;
			buildActionMask = 2147483647;
			files = (
				93DEA34C1C3CE1F8006F6CE3 /* TestShopingCartTests.m in Sources */,
			);
			runOnlyForDeploymentPostprocessing = 0;
		};
		93DEA34E1C3CE1F8006F6CE3 /* Sources */ = {
			isa = PBXSourcesBuildPhase;
			buildActionMask = 2147483647;
			files = (
				93DEA3571C3CE1F8006F6CE3 /* TestShopingCartUITests.m in Sources */,
			);
			runOnlyForDeploymentPostprocessing = 0;
		};
/* End PBXSourcesBuildPhase section */

/* Begin PBXTargetDependency section */
		93DEA3491C3CE1F8006F6CE3 /* PBXTargetDependency */ = {
			isa = PBXTargetDependency;
			target = 93DEA32D1C3CE1F8006F6CE3 /* TestShopingCart */;
			targetProxy = 93DEA3481C3CE1F8006F6CE3 /* PBXContainerItemProxy */;
		};
		93DEA3541C3CE1F8006F6CE3 /* PBXTargetDependency */ = {
			isa = PBXTargetDependency;
			target = 93DEA32D1C3CE1F8006F6CE3 /* TestShopingCart */;
			targetProxy = 93DEA3531C3CE1F8006F6CE3 /* PBXContainerItemProxy */;
		};
/* End PBXTargetDependency section */

/* Begin PBXVariantGroup section */
		93DEA33A1C3CE1F8006F6CE3 /* Main.storyboard */ = {
			isa = PBXVariantGroup;
			children = (
				93DEA33B1C3CE1F8006F6CE3 /* Base */,
			);
			name = Main.storyboard;
			sourceTree = "<group>";
		};
		93DEA33F1C3CE1F8006F6CE3 /* LaunchScreen.storyboard */ = {
			isa = PBXVariantGroup;
			children = (
				93DEA3401C3CE1F8006F6CE3 /* Base */,
			);
			name = LaunchScreen.storyboard;
			sourceTree = "<group>";
		};
/* End PBXVariantGroup section */

/* Begin XCBuildConfiguration section */
		93DEA3591C3CE1F8006F6CE3 /* Debug */ = {
			isa = XCBuildConfiguration;
			buildSettings = {
				ALWAYS_SEARCH_USER_PATHS = NO;
				CLANG_CXX_LANGUAGE_STANDARD = "gnu++0x";
				CLANG_CXX_LIBRARY = "libc++";
				CLANG_ENABLE_MODULES = YES;
				CLANG_ENABLE_OBJC_ARC = YES;
				CLANG_WARN_BOOL_CONVERSION = YES;
				CLANG_WARN_CONSTANT_CONVERSION = YES;
				CLANG_WARN_DIRECT_OBJC_ISA_USAGE = YES_ERROR;
				CLANG_WARN_EMPTY_BODY = YES;
				CLANG_WARN_ENUM_CONVERSION = YES;
				CLANG_WARN_INT_CONVERSION = YES;
				CLANG_WARN_OBJC_ROOT_CLASS = YES_ERROR;
				CLANG_WARN_UNREACHABLE_CODE = YES;
				CLANG_WARN__DUPLICATE_METHOD_MATCH = YES;
				"CODE_SIGN_IDENTITY[sdk=iphoneos*]" = "iPhone Developer";
				COPY_PHASE_STRIP = NO;
				DEBUG_INFORMATION_FORMAT = dwarf;
				ENABLE_STRICT_OBJC_MSGSEND = YES;
				ENABLE_TESTABILITY = YES;
				GCC_C_LANGUAGE_STANDARD = gnu99;
				GCC_DYNAMIC_NO_PIC = NO;
				GCC_NO_COMMON_BLOCKS = YES;
				GCC_OPTIMIZATION_LEVEL = 0;
				GCC_PREPROCESSOR_DEFINITIONS = (
					"DEBUG=1",
					"$(inherited)",
				);
				GCC_WARN_64_TO_32_BIT_CONVERSION = YES;
				GCC_WARN_ABOUT_RETURN_TYPE = YES_ERROR;
				GCC_WARN_UNDECLARED_SELECTOR = YES;
				GCC_WARN_UNINITIALIZED_AUTOS = YES_AGGRESSIVE;
				GCC_WARN_UNUSED_FUNCTION = YES;
				GCC_WARN_UNUSED_VARIABLE = YES;
				IPHONEOS_DEPLOYMENT_TARGET = 9.2;
				MTL_ENABLE_DEBUG_INFO = YES;
				ONLY_ACTIVE_ARCH = YES;
				SDKROOT = iphoneos;
				TARGETED_DEVICE_FAMILY = "1,2";
			};
			name = Debug;
		};
		93DEA35A1C3CE1F8006F6CE3 /* Release */ = {
			isa = XCBuildConfiguration;
			buildSettings = {
				ALWAYS_SEARCH_USER_PATHS = NO;
				CLANG_CXX_LANGUAGE_STANDARD = "gnu++0x";
				CLANG_CXX_LIBRARY = "libc++";
				CLANG_ENABLE_MODULES = YES;
				CLANG_ENABLE_OBJC_ARC = YES;
				CLANG_WARN_BOOL_CONVERSION = YES;
				CLANG_WARN_CONSTANT_CONVERSION = YES;
				CLANG_WARN_DIRECT_OBJC_ISA_USAGE = YES_ERROR;
				CLANG_WARN_EMPTY_BODY = YES;
				CLANG_WARN_ENUM_CONVERSION = YES;
				CLANG_WARN_INT_CONVERSION = YES;
				CLANG_WARN_OBJC_ROOT_CLASS = YES_ERROR;
				CLANG_WARN_UNREACHABLE_CODE = YES;
				CLANG_WARN__DUPLICATE_METHOD_MATCH = YES;
				"CODE_SIGN_IDENTITY[sdk=iphoneos*]" = "iPhone Developer";
				COPY_PHASE_STRIP = NO;
				DEBUG_INFORMATION_FORMAT = "dwarf-with-dsym";
				ENABLE_NS_ASSERTIONS = NO;
				ENABLE_STRICT_OBJC_MSGSEND = YES;
				GCC_C_LANGUAGE_STANDARD = gnu99;
				GCC_NO_COMMON_BLOCKS = YES;
				GCC_WARN_64_TO_32_BIT_CONVERSION = YES;
				GCC_WARN_ABOUT_RETURN_TYPE = YES_ERROR;
				GCC_WARN_UNDECLARED_SELECTOR = YES;
				GCC_WARN_UNINITIALIZED_AUTOS = YES_AGGRESSIVE;
				GCC_WARN_UNUSED_FUNCTION = YES;
				GCC_WARN_UNUSED_VARIABLE = YES;
				IPHONEOS_DEPLOYMENT_TARGET = 9.2;
				MTL_ENABLE_DEBUG_INFO = NO;
				SDKROOT = iphoneos;
				TARGETED_DEVICE_FAMILY = "1,2";
				VALIDATE_PRODUCT = YES;
			};
			name = Release;
		};
		93DEA35C1C3CE1F8006F6CE3 /* Debug */ = {
			isa = XCBuildConfiguration;
			baseConfigurationReference = 25485ECF65F9E7A4CF30F036 /* Pods.debug.xcconfig */;
			buildSettings = {
				ASSETCATALOG_COMPILER_APPICON_NAME = AppIcon;
				INFOPLIST_FILE = TestShopingCart/Info.plist;
				LD_RUNPATH_SEARCH_PATHS = "$(inherited) @executable_path/Frameworks";
				PRODUCT_BUNDLE_IDENTIFIER = com.cjm.xueyan.TestShopingCart;
				PRODUCT_NAME = "$(TARGET_NAME)";
			};
			name = Debug;
		};
		93DEA35D1C3CE1F8006F6CE3 /* Release */ = {
			isa = XCBuildConfiguration;
			baseConfigurationReference = A17BDEA22A35DE6447220DF8 /* Pods.release.xcconfig */;
			buildSettings = {
				ASSETCATALOG_COMPILER_APPICON_NAME = AppIcon;
				INFOPLIST_FILE = TestShopingCart/Info.plist;
				LD_RUNPATH_SEARCH_PATHS = "$(inherited) @executable_path/Frameworks";
				PRODUCT_BUNDLE_IDENTIFIER = com.cjm.xueyan.TestShopingCart;
				PRODUCT_NAME = "$(TARGET_NAME)";
			};
			name = Release;
		};
		93DEA35F1C3CE1F8006F6CE3 /* Debug */ = {
			isa = XCBuildConfiguration;
			buildSettings = {
				BUNDLE_LOADER = "$(TEST_HOST)";
				INFOPLIST_FILE = TestShopingCartTests/Info.plist;
				LD_RUNPATH_SEARCH_PATHS = "$(inherited) @executable_path/Frameworks @loader_path/Frameworks";
				PRODUCT_BUNDLE_IDENTIFIER = com.cjm.xueyan.TestShopingCartTests;
				PRODUCT_NAME = "$(TARGET_NAME)";
				TEST_HOST = "$(BUILT_PRODUCTS_DIR)/TestShopingCart.app/TestShopingCart";
			};
			name = Debug;
		};
		93DEA3601C3CE1F8006F6CE3 /* Release */ = {
			isa = XCBuildConfiguration;
			buildSettings = {
				BUNDLE_LOADER = "$(TEST_HOST)";
				INFOPLIST_FILE = TestShopingCartTests/Info.plist;
				LD_RUNPATH_SEARCH_PATHS = "$(inherited) @executable_path/Frameworks @loader_path/Frameworks";
				PRODUCT_BUNDLE_IDENTIFIER = com.cjm.xueyan.TestShopingCartTests;
				PRODUCT_NAME = "$(TARGET_NAME)";
				TEST_HOST = "$(BUILT_PRODUCTS_DIR)/TestShopingCart.app/TestShopingCart";
			};
			name = Release;
		};
		93DEA3621C3CE1F8006F6CE3 /* Debug */ = {
			isa = XCBuildConfiguration;
			buildSettings = {
				INFOPLIST_FILE = TestShopingCartUITests/Info.plist;
				LD_RUNPATH_SEARCH_PATHS = "$(inherited) @executable_path/Frameworks @loader_path/Frameworks";
				PRODUCT_BUNDLE_IDENTIFIER = com.cjm.xueyan.TestShopingCartUITests;
				PRODUCT_NAME = "$(TARGET_NAME)";
				TEST_TARGET_NAME = TestShopingCart;
				USES_XCTRUNNER = YES;
			};
			name = Debug;
		};
		93DEA3631C3CE1F8006F6CE3 /* Release */ = {
			isa = XCBuildConfiguration;
			buildSettings = {
				INFOPLIST_FILE = TestShopingCartUITests/Info.plist;
				LD_RUNPATH_SEARCH_PATHS = "$(inherited) @executable_path/Frameworks @loader_path/Frameworks";
				PRODUCT_BUNDLE_IDENTIFIER = com.cjm.xueyan.TestShopingCartUITests;
				PRODUCT_NAME = "$(TARGET_NAME)";
				TEST_TARGET_NAME = TestShopingCart;
				USES_XCTRUNNER = YES;
			};
			name = Release;
		};
/* End XCBuildConfiguration section */

/* Begin XCConfigurationList section */
		93DEA3291C3CE1F8006F6CE3 /* Build configuration list for PBXProject "TestShopingCart" */ = {
			isa = XCConfigurationList;
			buildConfigurations = (
				93DEA3591C3CE1F8006F6CE3 /* Debug */,
				93DEA35A1C3CE1F8006F6CE3 /* Release */,
			);
			defaultConfigurationIsVisible = 0;
			defaultConfigurationName = Release;
		};
		93DEA35B1C3CE1F8006F6CE3 /* Build configuration list for PBXNativeTarget "TestShopingCart" */ = {
			isa = XCConfigurationList;
			buildConfigurations = (
				93DEA35C1C3CE1F8006F6CE3 /* Debug */,
				93DEA35D1C3CE1F8006F6CE3 /* Release */,
			);
			defaultConfigurationIsVisible = 0;
			defaultConfigurationName = Release;
		};
		93DEA35E1C3CE1F8006F6CE3 /* Build configuration list for PBXNativeTarget "TestShopingCartTests" */ = {
			isa = XCConfigurationList;
			buildConfigurations = (
				93DEA35F1C3CE1F8006F6CE3 /* Debug */,
				93DEA3601C3CE1F8006F6CE3 /* Release */,
			);
			defaultConfigurationIsVisible = 0;
			defaultConfigurationName = Release;
		};
		93DEA3611C3CE1F8006F6CE3 /* Build configuration list for PBXNativeTarget "TestShopingCartUITests" */ = {
			isa = XCConfigurationList;
			buildConfigurations = (
				93DEA3621C3CE1F8006F6CE3 /* Debug */,
				93DEA3631C3CE1F8006F6CE3 /* Release */,
			);
			defaultConfigurationIsVisible = 0;
			defaultConfigurationName = Release;
		};
/* End XCConfigurationList section */
	};
	rootObject = 93DEA3261C3CE1F8006F6CE3 /* Project object */;
}
